// !$*UTF8*$!
{
	archiveVersion = 1;
	classes = {
	};
	objectVersion = 45;
	objects = {

/* Begin PBXBuildFile section */
		1D3623260D0F684500981E51 /* SteganographyAppDelegate.m in Sources */ = {isa = PBXBuildFile; fileRef = 1D3623250D0F684500981E51 /* SteganographyAppDelegate.m */; };
		1D60589B0D05DD56006BFB54 /* main.m in Sources */ = {isa = PBXBuildFile; fileRef = 29B97316FDCFA39411CA2CEA /* main.m */; };
		1D60589F0D05DD5A006BFB54 /* Foundation.framework in Frameworks */ = {isa = PBXBuildFile; fileRef = 1D30AB110D05D00D00671497 /* Foundation.framework */; };
		1DF5F4E00D08C38300B7A737 /* UIKit.framework in Frameworks */ = {isa = PBXBuildFile; fileRef = 1DF5F4DF0D08C38300B7A737 /* UIKit.framework */; };
		288765A50DF7441C002DB57D /* CoreGraphics.framework in Frameworks */ = {isa = PBXBuildFile; fileRef = 288765A40DF7441C002DB57D /* CoreGraphics.framework */; };
		646F3D6613C193F300A10225 /* topsecret.png in Resources */ = {isa = PBXBuildFile; fileRef = 646F3D6513C193F300A10225 /* topsecret.png */; };
		647C3D4013B8373B00AEF66E /* MainScreenViewController.m in Sources */ = {isa = PBXBuildFile; fileRef = 647C3D3F13B8373B00AEF66E /* MainScreenViewController.m */; };
		647C3D4513B837E300AEF66E /* MainView.m in Sources */ = {isa = PBXBuildFile; fileRef = 647C3D4413B837E300AEF66E /* MainView.m */; };
		647C3D8F13B8405900AEF66E /* DecryptionView.m in Sources */ = {isa = PBXBuildFile; fileRef = 647C3D8E13B8405900AEF66E /* DecryptionView.m */; };
		647C3D9413B847DA00AEF66E /* DecryptionController.m in Sources */ = {isa = PBXBuildFile; fileRef = 647C3D9313B847DA00AEF66E /* DecryptionController.m */; };
		647C3DCB13B8557400AEF66E /* SavePictureView.m in Sources */ = {isa = PBXBuildFile; fileRef = 647C3DCA13B8557400AEF66E /* SavePictureView.m */; };
		647C3DD013B8579A00AEF66E /* SavePictureController.m in Sources */ = {isa = PBXBuildFile; fileRef = 647C3DCF13B8579A00AEF66E /* SavePictureController.m */; };
		647C3F8D13BB21F500AEF66E /* AssetsLibrary.framework in Frameworks */ = {isa = PBXBuildFile; fileRef = 647C3F8C13BB21F500AEF66E /* AssetsLibrary.framework */; };
		64E4015213B6C0A600E0F9E7 /* EncryptionView.m in Sources */ = {isa = PBXBuildFile; fileRef = 64E4015113B6C0A600E0F9E7 /* EncryptionView.m */; };
		64E4015713B6C14000E0F9E7 /* EncryptionController.m in Sources */ = {isa = PBXBuildFile; fileRef = 64E4015613B6C14000E0F9E7 /* EncryptionController.m */; };
/* End PBXBuildFile section */

/* Begin PBXFileReference section */
		1D30AB110D05D00D00671497 /* Foundation.framework */ = {isa = PBXFileReference; lastKnownFileType = wrapper.framework; name = Foundation.framework; path = System/Library/Frameworks/Foundation.framework; sourceTree = SDKROOT; };
		1D3623240D0F684500981E51 /* SteganographyAppDelegate.h */ = {isa = PBXFileReference; fileEncoding = 4; lastKnownFileType = sourcecode.c.h; path = SteganographyAppDelegate.h; sourceTree = "<group>"; };
		1D3623250D0F684500981E51 /* SteganographyAppDelegate.m */ = {isa = PBXFileReference; fileEncoding = 4; lastKnownFileType = sourcecode.c.objc; path = SteganographyAppDelegate.m; sourceTree = "<group>"; };
		1D6058910D05DD3D006BFB54 /* ImageHider.app */ = {isa = PBXFileReference; explicitFileType = wrapper.application; includeInIndex = 0; path = ImageHider.app; sourceTree = BUILT_PRODUCTS_DIR; };
		1DF5F4DF0D08C38300B7A737 /* UIKit.framework */ = {isa = PBXFileReference; lastKnownFileType = wrapper.framework; name = UIKit.framework; path = System/Library/Frameworks/UIKit.framework; sourceTree = SDKROOT; };
		288765A40DF7441C002DB57D /* CoreGraphics.framework */ = {isa = PBXFileReference; lastKnownFileType = wrapper.framework; name = CoreGraphics.framework; path = System/Library/Frameworks/CoreGraphics.framework; sourceTree = SDKROOT; };
		29B97316FDCFA39411CA2CEA /* main.m */ = {isa = PBXFileReference; fileEncoding = 4; lastKnownFileType = sourcecode.c.objc; path = main.m; sourceTree = "<group>"; };
		32CA4F630368D1EE00C91783 /* ImageHider_Prefix.pch */ = {isa = PBXFileReference; fileEncoding = 4; lastKnownFileType = sourcecode.c.h; path = ImageHider_Prefix.pch; sourceTree = "<group>"; };
		646F3D6513C193F300A10225 /* topsecret.png */ = {isa = PBXFileReference; lastKnownFileType = image.png; path = topsecret.png; sourceTree = "<group>"; };
		647C3D3E13B8373B00AEF66E /* MainScreenViewController.h */ = {isa = PBXFileReference; fileEncoding = 4; lastKnownFileType = sourcecode.c.h; path = MainScreenViewController.h; sourceTree = "<group>"; };
		647C3D3F13B8373B00AEF66E /* MainScreenViewController.m */ = {isa = PBXFileReference; fileEncoding = 4; lastKnownFileType = sourcecode.c.objc; path = MainScreenViewController.m; sourceTree = "<group>"; };
		647C3D4313B837E300AEF66E /* MainView.h */ = {isa = PBXFileReference; fileEncoding = 4; lastKnownFileType = sourcecode.c.h; path = MainView.h; sourceTree = "<group>"; };
		647C3D4413B837E300AEF66E /* MainView.m */ = {isa = PBXFileReference; fileEncoding = 4; lastKnownFileType = sourcecode.c.objc; path = MainView.m; sourceTree = "<group>"; };
		647C3D8D13B8405900AEF66E /* DecryptionView.h */ = {isa = PBXFileReference; fileEncoding = 4; lastKnownFileType = sourcecode.c.h; path = DecryptionView.h; sourceTree = "<group>"; };
		647C3D8E13B8405900AEF66E /* DecryptionView.m */ = {isa = PBXFileReference; fileEncoding = 4; lastKnownFileType = sourcecode.c.objc; path = DecryptionView.m; sourceTree = "<group>"; };
		647C3D9213B847DA00AEF66E /* DecryptionController.h */ = {isa = PBXFileReference; fileEncoding = 4; lastKnownFileType = sourcecode.c.h; path = DecryptionController.h; sourceTree = "<group>"; };
		647C3D9313B847DA00AEF66E /* DecryptionController.m */ = {isa = PBXFileReference; fileEncoding = 4; lastKnownFileType = sourcecode.c.objc; path = DecryptionController.m; sourceTree = "<group>"; };
		647C3DC913B8557400AEF66E /* SavePictureView.h */ = {isa = PBXFileReference; fileEncoding = 4; lastKnownFileType = sourcecode.c.h; path = SavePictureView.h; sourceTree = "<group>"; };
		647C3DCA13B8557400AEF66E /* SavePictureView.m */ = {isa = PBXFileReference; fileEncoding = 4; lastKnownFileType = sourcecode.c.objc; path = SavePictureView.m; sourceTree = "<group>"; };
		647C3DCE13B8579A00AEF66E /* SavePictureController.h */ = {isa = PBXFileReference; fileEncoding = 4; lastKnownFileType = sourcecode.c.h; path = SavePictureController.h; sourceTree = "<group>"; };
		647C3DCF13B8579A00AEF66E /* SavePictureController.m */ = {isa = PBXFileReference; fileEncoding = 4; lastKnownFileType = sourcecode.c.objc; path = SavePictureController.m; sourceTree = "<group>"; };
		647C3F8C13BB21F500AEF66E /* AssetsLibrary.framework */ = {isa = PBXFileReference; lastKnownFileType = wrapper.framework; name = AssetsLibrary.framework; path = System/Library/Frameworks/AssetsLibrary.framework; sourceTree = SDKROOT; };
		64E4015013B6C0A600E0F9E7 /* EncryptionView.h */ = {isa = PBXFileReference; fileEncoding = 4; lastKnownFileType = sourcecode.c.h; path = EncryptionView.h; sourceTree = "<group>"; };
		64E4015113B6C0A600E0F9E7 /* EncryptionView.m */ = {isa = PBXFileReference; fileEncoding = 4; lastKnownFileType = sourcecode.c.objc; path = EncryptionView.m; sourceTree = "<group>"; };
		64E4015513B6C14000E0F9E7 /* EncryptionController.h */ = {isa = PBXFileReference; fileEncoding = 4; lastKnownFileType = sourcecode.c.h; path = EncryptionController.h; sourceTree = "<group>"; };
		64E4015613B6C14000E0F9E7 /* EncryptionController.m */ = {isa = PBXFileReference; fileEncoding = 4; lastKnownFileType = sourcecode.c.objc; path = EncryptionController.m; sourceTree = "<group>"; };
		8D1107310486CEB800E47090 /* Info.plist */ = {isa = PBXFileReference; fileEncoding = 4; lastKnownFileType = text.plist.xml; path = Info.plist; sourceTree = "<group>"; };
/* End PBXFileReference section */

/* Begin PBXFrameworksBuildPhase section */
		1D60588F0D05DD3D006BFB54 /* Frameworks */ = {
			isa = PBXFrameworksBuildPhase;
			buildActionMask = 2147483647;
			files = (
				1D60589F0D05DD5A006BFB54 /* Foundation.framework in Frameworks */,
				1DF5F4E00D08C38300B7A737 /* UIKit.framework in Frameworks */,
				288765A50DF7441C002DB57D /* CoreGraphics.framework in Frameworks */,
				647C3F8D13BB21F500AEF66E /* AssetsLibrary.framework in Frameworks */,
			);
			runOnlyForDeploymentPostprocessing = 0;
		};
/* End PBXFrameworksBuildPhase section */

/* Begin PBXGroup section */
		080E96DDFE201D6D7F000001 /* Classes */ = {
			isa = PBXGroup;
			children = (
				64024BDF155DB0FB00A54642 /* Controller */,
				64024BDE155DB0E500A54642 /* View */,
				1D3623240D0F684500981E51 /* SteganographyAppDelegate.h */,
				1D3623250D0F684500981E51 /* SteganographyAppDelegate.m */,
			);
			path = Classes;
			sourceTree = "<group>";
		};
		19C28FACFE9D520D11CA2CBB /* Products */ = {
			isa = PBXGroup;
			children = (
				1D6058910D05DD3D006BFB54 /* ImageHider.app */,
			);
			name = Products;
			sourceTree = "<group>";
		};
		29B97314FDCFA39411CA2CEA /* CustomTemplate */ = {
			isa = PBXGroup;
			children = (
				080E96DDFE201D6D7F000001 /* Classes */,
				29B97315FDCFA39411CA2CEA /* Other Sources */,
				29B97317FDCFA39411CA2CEA /* Resources */,
				29B97323FDCFA39411CA2CEA /* Frameworks */,
				19C28FACFE9D520D11CA2CBB /* Products */,
			);
			name = CustomTemplate;
			sourceTree = "<group>";
		};
		29B97315FDCFA39411CA2CEA /* Other Sources */ = {
			isa = PBXGroup;
			children = (
				32CA4F630368D1EE00C91783 /* ImageHider_Prefix.pch */,
				29B97316FDCFA39411CA2CEA /* main.m */,
			);
			name = "Other Sources";
			sourceTree = "<group>";
		};
		29B97317FDCFA39411CA2CEA /* Resources */ = {
			isa = PBXGroup;
			children = (
				646F3D6513C193F300A10225 /* topsecret.png */,
				8D1107310486CEB800E47090 /* Info.plist */,
			);
			name = Resources;
			sourceTree = "<group>";
		};
		29B97323FDCFA39411CA2CEA /* Frameworks */ = {
			isa = PBXGroup;
			children = (
				647C3F8C13BB21F500AEF66E /* AssetsLibrary.framework */,
				1DF5F4DF0D08C38300B7A737 /* UIKit.framework */,
				1D30AB110D05D00D00671497 /* Foundation.framework */,
				288765A40DF7441C002DB57D /* CoreGraphics.framework */,
			);
			name = Frameworks;
			sourceTree = "<group>";
		};
		64024BDE155DB0E500A54642 /* View */ = {
			isa = PBXGroup;
			children = (
				647C3DC913B8557400AEF66E /* SavePictureView.h */,
				647C3DCA13B8557400AEF66E /* SavePictureView.m */,
				647C3D8D13B8405900AEF66E /* DecryptionView.h */,
				647C3D8E13B8405900AEF66E /* DecryptionView.m */,
				64E4015013B6C0A600E0F9E7 /* EncryptionView.h */,
				64E4015113B6C0A600E0F9E7 /* EncryptionView.m */,
				647C3D4313B837E300AEF66E /* MainView.h */,
				647C3D4413B837E300AEF66E /* MainView.m */,
			);
			name = View;
			sourceTree = "<group>";
		};
		64024BDF155DB0FB00A54642 /* Controller */ = {
			isa = PBXGroup;
			children = (
				647C3DCE13B8579A00AEF66E /* SavePictureController.h */,
				647C3DCF13B8579A00AEF66E /* SavePictureController.m */,
				647C3D9213B847DA00AEF66E /* DecryptionController.h */,
				647C3D9313B847DA00AEF66E /* DecryptionController.m */,
				64E4015513B6C14000E0F9E7 /* EncryptionController.h */,
				647C3D3E13B8373B00AEF66E /* MainScreenViewController.h */,
				647C3D3F13B8373B00AEF66E /* MainScreenViewController.m */,
				64E4015613B6C14000E0F9E7 /* EncryptionController.m */,
			);
			name = Controller;
			sourceTree = "<group>";
		};
/* End PBXGroup section */

/* Begin PBXNativeTarget section */
		1D6058900D05DD3D006BFB54 /* ImageHider */ = {
			isa = PBXNativeTarget;
			buildConfigurationList = 1D6058960D05DD3E006BFB54 /* Build configuration list for PBXNativeTarget "ImageHider" */;
			buildPhases = (
				1D60588D0D05DD3D006BFB54 /* Resources */,
				1D60588E0D05DD3D006BFB54 /* Sources */,
				1D60588F0D05DD3D006BFB54 /* Frameworks */,
			);
			buildRules = (
			);
			dependencies = (
			);
			name = ImageHider;
			productName = Steganography;
			productReference = 1D6058910D05DD3D006BFB54 /* ImageHider.app */;
			productType = "com.apple.product-type.application";
		};
/* End PBXNativeTarget section */

/* Begin PBXProject section */
		29B97313FDCFA39411CA2CEA /* Project object */ = {
			isa = PBXProject;
			buildConfigurationList = C01FCF4E08A954540054247B /* Build configuration list for PBXProject "ImageHider" */;
			compatibilityVersion = "Xcode 3.1";
			developmentRegion = English;
			hasScannedForEncodings = 1;
			knownRegions = (
				English,
				Japanese,
				French,
				German,
			);
			mainGroup = 29B97314FDCFA39411CA2CEA /* CustomTemplate */;
			projectDirPath = "";
			projectRoot = "";
			targets = (
				1D6058900D05DD3D006BFB54 /* ImageHider */,
			);
		};
/* End PBXProject section */

/* Begin PBXResourcesBuildPhase section */
		1D60588D0D05DD3D006BFB54 /* Resources */ = {
			isa = PBXResourcesBuildPhase;
			buildActionMask = 2147483647;
			files = (
				646F3D6613C193F300A10225 /* topsecret.png in Resources */,
			);
			runOnlyForDeploymentPostprocessing = 0;
		};
/* End PBXResourcesBuildPhase section */

/* Begin PBXSourcesBuildPhase section */
		1D60588E0D05DD3D006BFB54 /* Sources */ = {
			isa = PBXSourcesBuildPhase;
			buildActionMask = 2147483647;
			files = (
				1D60589B0D05DD56006BFB54 /* main.m in Sources */,
				1D3623260D0F684500981E51 /* SteganographyAppDelegate.m in Sources */,
				64E4015213B6C0A600E0F9E7 /* EncryptionView.m in Sources */,
				64E4015713B6C14000E0F9E7 /* EncryptionController.m in Sources */,
				647C3D4013B8373B00AEF66E /* MainScreenViewController.m in Sources */,
				647C3D4513B837E300AEF66E /* MainView.m in Sources */,
				647C3D8F13B8405900AEF66E /* DecryptionView.m in Sources */,
				647C3D9413B847DA00AEF66E /* DecryptionController.m in Sources */,
				647C3DCB13B8557400AEF66E /* SavePictureView.m in Sources */,
				647C3DD013B8579A00AEF66E /* SavePictureController.m in Sources */,
			);
			runOnlyForDeploymentPostprocessing = 0;
		};
/* End PBXSourcesBuildPhase section */

/* Begin XCBuildConfiguration section */
		1D6058940D05DD3E006BFB54 /* Debug */ = {
			isa = XCBuildConfiguration;
			buildSettings = {
				ALWAYS_SEARCH_USER_PATHS = NO;
				COPY_PHASE_STRIP = NO;
				GCC_DYNAMIC_NO_PIC = NO;
				GCC_OPTIMIZATION_LEVEL = 0;
				GCC_PRECOMPILE_PREFIX_HEADER = YES;
				GCC_PREFIX_HEADER = ImageHider_Prefix.pch;
				INFOPLIST_FILE = Info.plist;
				IPHONEOS_DEPLOYMENT_TARGET = 5.0;
				PRODUCT_NAME = ImageHider;
			};
			name = Debug;
		};
		1D6058950D05DD3E006BFB54 /* Release */ = {
			isa = XCBuildConfiguration;
			buildSettings = {
				ALWAYS_SEARCH_USER_PATHS = NO;
				COPY_PHASE_STRIP = YES;
				GCC_PRECOMPILE_PREFIX_HEADER = YES;
				GCC_PREFIX_HEADER = ImageHider_Prefix.pch;
				INFOPLIST_FILE = Info.plist;
				IPHONEOS_DEPLOYMENT_TARGET = 5.0;
				ONLY_ACTIVE_ARCH = NO;
				PRODUCT_NAME = ImageHider;
			};
			name = Release;
		};
		C01FCF4F08A954540054247B /* Debug */ = {
			isa = XCBuildConfiguration;
			buildSettings = {
				ARCHS = "$(ARCHS_STANDARD_32_BIT)";
				"CODE_SIGN_IDENTITY[sdk=iphoneos*]" = "iPhone Developer";
				GCC_C_LANGUAGE_STANDARD = c99;
				GCC_WARN_ABOUT_RETURN_TYPE = YES;
				GCC_WARN_UNUSED_VARIABLE = YES;
				IPHONEOS_DEPLOYMENT_TARGET = 4.2;
				ONLY_ACTIVE_ARCH = YES;
				PREBINDING = NO;
				SDKROOT = iphoneos;
			};
			name = Debug;
		};
		C01FCF5008A954540054247B /* Release */ = {
			isa = XCBuildConfiguration;
			buildSettings = {
				ARCHS = "$(ARCHS_STANDARD_32_BIT)";
				"CODE_SIGN_IDENTITY[sdk=iphoneos*]" = "iPhone Developer";
				GCC_C_LANGUAGE_STANDARD = c99;
				GCC_WARN_ABOUT_RETURN_TYPE = YES;
				GCC_WARN_UNUSED_VARIABLE = YES;
				IPHONEOS_DEPLOYMENT_TARGET = 4.2;
				PREBINDING = NO;
				SDKROOT = iphoneos;
			};
			name = Release;
		};
/* End XCBuildConfiguration section */

/* Begin XCConfigurationList section */
		1D6058960D05DD3E006BFB54 /* Build configuration list for PBXNativeTarget "ImageHider" */ = {
			isa = XCConfigurationList;
			buildConfigurations = (
				1D6058940D05DD3E006BFB54 /* Debug */,
				1D6058950D05DD3E006BFB54 /* Release */,
			);
			defaultConfigurationIsVisible = 0;
			defaultConfigurationName = Release;
		};
		C01FCF4E08A954540054247B /* Build configuration list for PBXProject "ImageHider" */ = {
			isa = XCConfigurationList;
			buildConfigurations = (
				C01FCF4F08A954540054247B /* Debug */,
				C01FCF5008A954540054247B /* Release */,
			);
			defaultConfigurationIsVisible = 0;
			defaultConfigurationName = Release;
		};
/* End XCConfigurationList section */
	};
	rootObject = 29B97313FDCFA39411CA2CEA /* Project object */;
}
